// !$*UTF8*$!
{
	archiveVersion = 1;
	classes = {
	};
	objectVersion = 50;
	objects = {

/* Begin PBXBuildFile section */
		32BA1BF3FE0FDEC5F01F728F /* Pods_raccord_project.framework in Frameworks */ = {isa = PBXBuildFile; fileRef = 9AD23D2B0EB2C0120638FD5C /* Pods_raccord_project.framework */; };
		82489274220DEB8E00815C02 /* AppDelegate.swift in Sources */ = {isa = PBXBuildFile; fileRef = 82489273220DEB8E00815C02 /* AppDelegate.swift */; };
		82489276220DEB8E00815C02 /* FilmViewController.swift in Sources */ = {isa = PBXBuildFile; fileRef = 82489275220DEB8E00815C02 /* FilmViewController.swift */; };
		82489279220DEB8E00815C02 /* Main.storyboard in Resources */ = {isa = PBXBuildFile; fileRef = 82489277220DEB8E00815C02 /* Main.storyboard */; };
		8248927B220DEB8E00815C02 /* Assets.xcassets in Resources */ = {isa = PBXBuildFile; fileRef = 8248927A220DEB8E00815C02 /* Assets.xcassets */; };
		8248927E220DEB8E00815C02 /* LaunchScreen.storyboard in Resources */ = {isa = PBXBuildFile; fileRef = 8248927C220DEB8E00815C02 /* LaunchScreen.storyboard */; };
		82489289220DEC9E00815C02 /* Films.swift in Sources */ = {isa = PBXBuildFile; fileRef = 82489288220DEC9E00815C02 /* Films.swift */; };
		8248928B220DEE5200815C02 /* Perso.swift in Sources */ = {isa = PBXBuildFile; fileRef = 8248928A220DEE5200815C02 /* Perso.swift */; };
		8248928D220DEE6500815C02 /* Sequence.swift in Sources */ = {isa = PBXBuildFile; fileRef = 8248928C220DEE6500815C02 /* Sequence.swift */; };
		8248928F220DEE7100815C02 /* Decor.swift in Sources */ = {isa = PBXBuildFile; fileRef = 8248928E220DEE7100815C02 /* Decor.swift */; };
		82489291220DEE8000815C02 /* Accessoire.swift in Sources */ = {isa = PBXBuildFile; fileRef = 82489290220DEE8000815C02 /* Accessoire.swift */; };
		82489293220DF0D400815C02 /* Photo.swift in Sources */ = {isa = PBXBuildFile; fileRef = 82489292220DF0D400815C02 /* Photo.swift */; };
/* End PBXBuildFile section */

/* Begin PBXFileReference section */
		7D4BFCE631B6F8E4BA580711 /* Pods-raccord_project.release.xcconfig */ = {isa = PBXFileReference; includeInIndex = 1; lastKnownFileType = text.xcconfig; name = "Pods-raccord_project.release.xcconfig"; path = "Pods/Target Support Files/Pods-raccord_project/Pods-raccord_project.release.xcconfig"; sourceTree = "<group>"; };
		82489270220DEB8E00815C02 /* raccord_project.app */ = {isa = PBXFileReference; explicitFileType = wrapper.application; includeInIndex = 0; path = raccord_project.app; sourceTree = BUILT_PRODUCTS_DIR; };
		82489273220DEB8E00815C02 /* AppDelegate.swift */ = {isa = PBXFileReference; lastKnownFileType = sourcecode.swift; path = AppDelegate.swift; sourceTree = "<group>"; };
		82489275220DEB8E00815C02 /* FilmViewController.swift */ = {isa = PBXFileReference; lastKnownFileType = sourcecode.swift; path = FilmViewController.swift; sourceTree = "<group>"; };
		82489278220DEB8E00815C02 /* Base */ = {isa = PBXFileReference; lastKnownFileType = file.storyboard; name = Base; path = Base.lproj/Main.storyboard; sourceTree = "<group>"; };
		8248927A220DEB8E00815C02 /* Assets.xcassets */ = {isa = PBXFileReference; lastKnownFileType = folder.assetcatalog; path = Assets.xcassets; sourceTree = "<group>"; };
		8248927D220DEB8E00815C02 /* Base */ = {isa = PBXFileReference; lastKnownFileType = file.storyboard; name = Base; path = Base.lproj/LaunchScreen.storyboard; sourceTree = "<group>"; };
		8248927F220DEB8E00815C02 /* Info.plist */ = {isa = PBXFileReference; lastKnownFileType = text.plist.xml; path = Info.plist; sourceTree = "<group>"; };
		82489288220DEC9E00815C02 /* Films.swift */ = {isa = PBXFileReference; lastKnownFileType = sourcecode.swift; path = Films.swift; sourceTree = "<group>"; };
		8248928A220DEE5200815C02 /* Perso.swift */ = {isa = PBXFileReference; lastKnownFileType = sourcecode.swift; path = Perso.swift; sourceTree = "<group>"; };
		8248928C220DEE6500815C02 /* Sequence.swift */ = {isa = PBXFileReference; lastKnownFileType = sourcecode.swift; path = Sequence.swift; sourceTree = "<group>"; };
		8248928E220DEE7100815C02 /* Decor.swift */ = {isa = PBXFileReference; lastKnownFileType = sourcecode.swift; path = Decor.swift; sourceTree = "<group>"; };
		82489290220DEE8000815C02 /* Accessoire.swift */ = {isa = PBXFileReference; lastKnownFileType = sourcecode.swift; path = Accessoire.swift; sourceTree = "<group>"; };
		82489292220DF0D400815C02 /* Photo.swift */ = {isa = PBXFileReference; lastKnownFileType = sourcecode.swift; path = Photo.swift; sourceTree = "<group>"; };
		9AD23D2B0EB2C0120638FD5C /* Pods_raccord_project.framework */ = {isa = PBXFileReference; explicitFileType = wrapper.framework; includeInIndex = 0; path = Pods_raccord_project.framework; sourceTree = BUILT_PRODUCTS_DIR; };
		F48B5144AAFDB26FF17B4D01 /* Pods-raccord_project.debug.xcconfig */ = {isa = PBXFileReference; includeInIndex = 1; lastKnownFileType = text.xcconfig; name = "Pods-raccord_project.debug.xcconfig"; path = "Pods/Target Support Files/Pods-raccord_project/Pods-raccord_project.debug.xcconfig"; sourceTree = "<group>"; };
/* End PBXFileReference section */

/* Begin PBXFrameworksBuildPhase section */
		8248926D220DEB8E00815C02 /* Frameworks */ = {
			isa = PBXFrameworksBuildPhase;
			buildActionMask = 2147483647;
			files = (
				32BA1BF3FE0FDEC5F01F728F /* Pods_raccord_project.framework in Frameworks */,
			);
			runOnlyForDeploymentPostprocessing = 0;
		};
/* End PBXFrameworksBuildPhase section */

/* Begin PBXGroup section */
		82489267220DEB8E00815C02 = {
			isa = PBXGroup;
			children = (
				82489272220DEB8E00815C02 /* raccord_project */,
				82489271220DEB8E00815C02 /* Products */,
				CAE4AD2E459740DC451638DF /* Pods */,
				DD5BE421DB7E0C9F9F4EFF03 /* Frameworks */,
			);
			sourceTree = "<group>";
		};
		82489271220DEB8E00815C02 /* Products */ = {
			isa = PBXGroup;
			children = (
				82489270220DEB8E00815C02 /* raccord_project.app */,
			);
			name = Products;
			sourceTree = "<group>";
		};
		82489272220DEB8E00815C02 /* raccord_project */ = {
			isa = PBXGroup;
			children = (
				82489273220DEB8E00815C02 /* AppDelegate.swift */,
				82489287220DEC0C00815C02 /* Controllers */,
				82489285220DEC0200815C02 /* Data Model */,
				82489286220DEC0700815C02 /* Views */,
				8248927A220DEB8E00815C02 /* Assets.xcassets */,
				8248927C220DEB8E00815C02 /* LaunchScreen.storyboard */,
				8248927F220DEB8E00815C02 /* Info.plist */,
			);
			path = raccord_project;
			sourceTree = "<group>";
		};
		82489285220DEC0200815C02 /* Data Model */ = {
			isa = PBXGroup;
			children = (
				82489288220DEC9E00815C02 /* Films.swift */,
				8248928C220DEE6500815C02 /* Sequence.swift */,
				8248928E220DEE7100815C02 /* Decor.swift */,
				8248928A220DEE5200815C02 /* Perso.swift */,
				82489290220DEE8000815C02 /* Accessoire.swift */,
				82489292220DF0D400815C02 /* Photo.swift */,
			);
			path = "Data Model";
			sourceTree = "<group>";
		};
		82489286220DEC0700815C02 /* Views */ = {
			isa = PBXGroup;
			children = (
				82489277220DEB8E00815C02 /* Main.storyboard */,
			);
			path = Views;
			sourceTree = "<group>";
		};
		82489287220DEC0C00815C02 /* Controllers */ = {
			isa = PBXGroup;
			children = (
				82489275220DEB8E00815C02 /* FilmViewController.swift */,
			);
			path = Controllers;
			sourceTree = "<group>";
		};
		CAE4AD2E459740DC451638DF /* Pods */ = {
			isa = PBXGroup;
			children = (
				F48B5144AAFDB26FF17B4D01 /* Pods-raccord_project.debug.xcconfig */,
				7D4BFCE631B6F8E4BA580711 /* Pods-raccord_project.release.xcconfig */,
			);
			name = Pods;
			sourceTree = "<group>";
		};
		DD5BE421DB7E0C9F9F4EFF03 /* Frameworks */ = {
			isa = PBXGroup;
			children = (
				9AD23D2B0EB2C0120638FD5C /* Pods_raccord_project.framework */,
			);
			name = Frameworks;
			sourceTree = "<group>";
		};
/* End PBXGroup section */

/* Begin PBXNativeTarget section */
		8248926F220DEB8E00815C02 /* raccord_project */ = {
			isa = PBXNativeTarget;
			buildConfigurationList = 82489282220DEB8E00815C02 /* Build configuration list for PBXNativeTarget "raccord_project" */;
			buildPhases = (
				A6BE8CE392939DE30676A731 /* [CP] Check Pods Manifest.lock */,
				8248926C220DEB8E00815C02 /* Sources */,
				8248926D220DEB8E00815C02 /* Frameworks */,
				8248926E220DEB8E00815C02 /* Resources */,
				AC5674E37B19E2A06D021CEC /* [CP] Embed Pods Frameworks */,
			);
			buildRules = (
			);
			dependencies = (
			);
			name = raccord_project;
			productName = raccord_project;
			productReference = 82489270220DEB8E00815C02 /* raccord_project.app */;
			productType = "com.apple.product-type.application";
		};
/* End PBXNativeTarget section */

/* Begin PBXProject section */
		82489268220DEB8E00815C02 /* Project object */ = {
			isa = PBXProject;
			attributes = {
				LastSwiftUpdateCheck = 1010;
				LastUpgradeCheck = 1010;
				ORGANIZATIONNAME = "Ludovic Jardiné";
				TargetAttributes = {
					8248926F220DEB8E00815C02 = {
						CreatedOnToolsVersion = 10.1;
					};
				};
			};
			buildConfigurationList = 8248926B220DEB8E00815C02 /* Build configuration list for PBXProject "raccord_project" */;
			compatibilityVersion = "Xcode 9.3";
			developmentRegion = en;
			hasScannedForEncodings = 0;
			knownRegions = (
				en,
				Base,
			);
			mainGroup = 82489267220DEB8E00815C02;
			productRefGroup = 82489271220DEB8E00815C02 /* Products */;
			projectDirPath = "";
			projectRoot = "";
			targets = (
				8248926F220DEB8E00815C02 /* raccord_project */,
			);
		};
/* End PBXProject section */

/* Begin PBXResourcesBuildPhase section */
		8248926E220DEB8E00815C02 /* Resources */ = {
			isa = PBXResourcesBuildPhase;
			buildActionMask = 2147483647;
			files = (
				8248927E220DEB8E00815C02 /* LaunchScreen.storyboard in Resources */,
				8248927B220DEB8E00815C02 /* Assets.xcassets in Resources */,
				82489279220DEB8E00815C02 /* Main.storyboard in Resources */,
			);
			runOnlyForDeploymentPostprocessing = 0;
		};
/* End PBXResourcesBuildPhase section */

/* Begin PBXShellScriptBuildPhase section */
		A6BE8CE392939DE30676A731 /* [CP] Check Pods Manifest.lock */ = {
			isa = PBXShellScriptBuildPhase;
			buildActionMask = 2147483647;
			files = (
			);
			inputFileListPaths = (
			);
			inputPaths = (
				"${PODS_PODFILE_DIR_PATH}/Podfile.lock",
				"${PODS_ROOT}/Manifest.lock",
			);
			name = "[CP] Check Pods Manifest.lock";
			outputFileListPaths = (
			);
			outputPaths = (
				"$(DERIVED_FILE_DIR)/Pods-raccord_project-checkManifestLockResult.txt",
			);
			runOnlyForDeploymentPostprocessing = 0;
			shellPath = /bin/sh;
			shellScript = "diff \"${PODS_PODFILE_DIR_PATH}/Podfile.lock\" \"${PODS_ROOT}/Manifest.lock\" > /dev/null\nif [ $? != 0 ] ; then\n    # print error to STDERR\n    echo \"error: The sandbox is not in sync with the Podfile.lock. Run 'pod install' or update your CocoaPods installation.\" >&2\n    exit 1\nfi\n# This output is used by Xcode 'outputs' to avoid re-running this script phase.\necho \"SUCCESS\" > \"${SCRIPT_OUTPUT_FILE_0}\"\n";
			showEnvVarsInLog = 0;
		};
		AC5674E37B19E2A06D021CEC /* [CP] Embed Pods Frameworks */ = {
			isa = PBXShellScriptBuildPhase;
			buildActionMask = 2147483647;
			files = (
			);
			inputFileListPaths = (
			);
			inputPaths = (
				"${SRCROOT}/Pods/Target Support Files/Pods-raccord_project/Pods-raccord_project-frameworks.sh",
				"${BUILT_PRODUCTS_DIR}/Realm/Realm.framework",
				"${BUILT_PRODUCTS_DIR}/RealmSwift/RealmSwift.framework",
			);
			name = "[CP] Embed Pods Frameworks";
			outputFileListPaths = (
			);
			outputPaths = (
				"${TARGET_BUILD_DIR}/${FRAMEWORKS_FOLDER_PATH}/Realm.framework",
				"${TARGET_BUILD_DIR}/${FRAMEWORKS_FOLDER_PATH}/RealmSwift.framework",
			);
			runOnlyForDeploymentPostprocessing = 0;
			shellPath = /bin/sh;
			shellScript = "\"${SRCROOT}/Pods/Target Support Files/Pods-raccord_project/Pods-raccord_project-frameworks.sh\"\n";
			showEnvVarsInLog = 0;
		};
/* End PBXShellScriptBuildPhase section */

/* Begin PBXSourcesBuildPhase section */
		8248926C220DEB8E00815C02 /* Sources */ = {
			isa = PBXSourcesBuildPhase;
			buildActionMask = 2147483647;
			files = (
				82489293220DF0D400815C02 /* Photo.swift in Sources */,
				82489276220DEB8E00815C02 /* FilmViewController.swift in Sources */,
				82489289220DEC9E00815C02 /* Films.swift in Sources */,
				82489274220DEB8E00815C02 /* AppDelegate.swift in Sources */,
				8248928D220DEE6500815C02 /* Sequence.swift in Sources */,
				8248928B220DEE5200815C02 /* Perso.swift in Sources */,
				8248928F220DEE7100815C02 /* Decor.swift in Sources */,
				82489291220DEE8000815C02 /* Accessoire.swift in Sources */,
			);
			runOnlyForDeploymentPostprocessing = 0;
		};
/* End PBXSourcesBuildPhase section */

/* Begin PBXVariantGroup section */
		82489277220DEB8E00815C02 /* Main.storyboard */ = {
			isa = PBXVariantGroup;
			children = (
				82489278220DEB8E00815C02 /* Base */,
			);
			name = Main.storyboard;
			sourceTree = "<group>";
		};
		8248927C220DEB8E00815C02 /* LaunchScreen.storyboard */ = {
			isa = PBXVariantGroup;
			children = (
				8248927D220DEB8E00815C02 /* Base */,
			);
			name = LaunchScreen.storyboard;
			sourceTree = "<group>";
		};
/* End PBXVariantGroup section */

/* Begin XCBuildConfiguration section */
		82489280220DEB8E00815C02 /* Debug */ = {
			isa = XCBuildConfiguration;
			buildSettings = {
				ALWAYS_SEARCH_USER_PATHS = NO;
				CLANG_ANALYZER_NONNULL = YES;
				CLANG_ANALYZER_NUMBER_OBJECT_CONVERSION = YES_AGGRESSIVE;
				CLANG_CXX_LANGUAGE_STANDARD = "gnu++14";
				CLANG_CXX_LIBRARY = "libc++";
				CLANG_ENABLE_MODULES = YES;
				CLANG_ENABLE_OBJC_ARC = YES;
				CLANG_ENABLE_OBJC_WEAK = YES;
				CLANG_WARN_BLOCK_CAPTURE_AUTORELEASING = YES;
				CLANG_WARN_BOOL_CONVERSION = YES;
				CLANG_WARN_COMMA = YES;
				CLANG_WARN_CONSTANT_CONVERSION = YES;
				CLANG_WARN_DEPRECATED_OBJC_IMPLEMENTATIONS = YES;
				CLANG_WARN_DIRECT_OBJC_ISA_USAGE = YES_ERROR;
				CLANG_WARN_DOCUMENTATION_COMMENTS = YES;
				CLANG_WARN_EMPTY_BODY = YES;
				CLANG_WARN_ENUM_CONVERSION = YES;
				CLANG_WARN_INFINITE_RECURSION = YES;
				CLANG_WARN_INT_CONVERSION = YES;
				CLANG_WARN_NON_LITERAL_NULL_CONVERSION = YES;
				CLANG_WARN_OBJC_IMPLICIT_RETAIN_SELF = YES;
				CLANG_WARN_OBJC_LITERAL_CONVERSION = YES;
				CLANG_WARN_OBJC_ROOT_CLASS = YES_ERROR;
				CLANG_WARN_RANGE_LOOP_ANALYSIS = YES;
				CLANG_WARN_STRICT_PROTOTYPES = YES;
				CLANG_WARN_SUSPICIOUS_MOVE = YES;
				CLANG_WARN_UNGUARDED_AVAILABILITY = YES_AGGRESSIVE;
				CLANG_WARN_UNREACHABLE_CODE = YES;
				CLANG_WARN__DUPLICATE_METHOD_MATCH = YES;
				CODE_SIGN_IDENTITY = "iPhone Developer";
				COPY_PHASE_STRIP = NO;
				DEBUG_INFORMATION_FORMAT = dwarf;
				ENABLE_STRICT_OBJC_MSGSEND = YES;
				ENABLE_TESTABILITY = YES;
				GCC_C_LANGUAGE_STANDARD = gnu11;
				GCC_DYNAMIC_NO_PIC = NO;
				GCC_NO_COMMON_BLOCKS = YES;
				GCC_OPTIMIZATION_LEVEL = 0;
				GCC_PREPROCESSOR_DEFINITIONS = (
					"DEBUG=1",
					"$(inherited)",
				);
				GCC_WARN_64_TO_32_BIT_CONVERSION = YES;
				GCC_WARN_ABOUT_RETURN_TYPE = YES_ERROR;
				GCC_WARN_UNDECLARED_SELECTOR = YES;
				GCC_WARN_UNINITIALIZED_AUTOS = YES_AGGRESSIVE;
				GCC_WARN_UNUSED_FUNCTION = YES;
				GCC_WARN_UNUSED_VARIABLE = YES;
				IPHONEOS_DEPLOYMENT_TARGET = 12.1;
				MTL_ENABLE_DEBUG_INFO = INCLUDE_SOURCE;
				MTL_FAST_MATH = YES;
				ONLY_ACTIVE_ARCH = YES;
				SDKROOT = iphoneos;
				SWIFT_ACTIVE_COMPILATION_CONDITIONS = DEBUG;
				SWIFT_OPTIMIZATION_LEVEL = "-Onone";
			};
			name = Debug;
		};
		82489281220DEB8E00815C02 /* Release */ = {
			isa = XCBuildConfiguration;
			buildSettings = {
				ALWAYS_SEARCH_USER_PATHS = NO;
				CLANG_ANALYZER_NONNULL = YES;
				CLANG_ANALYZER_NUMBER_OBJECT_CONVERSION = YES_AGGRESSIVE;
				CLANG_CXX_LANGUAGE_STANDARD = "gnu++14";
				CLANG_CXX_LIBRARY = "libc++";
				CLANG_ENABLE_MODULES = YES;
				CLANG_ENABLE_OBJC_ARC = YES;
				CLANG_ENABLE_OBJC_WEAK = YES;
				CLANG_WARN_BLOCK_CAPTURE_AUTORELEASING = YES;
				CLANG_WARN_BOOL_CONVERSION = YES;
				CLANG_WARN_COMMA = YES;
				CLANG_WARN_CONSTANT_CONVERSION = YES;
				CLANG_WARN_DEPRECATED_OBJC_IMPLEMENTATIONS = YES;
				CLANG_WARN_DIRECT_OBJC_ISA_USAGE = YES_ERROR;
				CLANG_WARN_DOCUMENTATION_COMMENTS = YES;
				CLANG_WARN_EMPTY_BODY = YES;
				CLANG_WARN_ENUM_CONVERSION = YES;
				CLANG_WARN_INFINITE_RECURSION = YES;
				CLANG_WARN_INT_CONVERSION = YES;
				CLANG_WARN_NON_LITERAL_NULL_CONVERSION = YES;
				CLANG_WARN_OBJC_IMPLICIT_RETAIN_SELF = YES;
				CLANG_WARN_OBJC_LITERAL_CONVERSION = YES;
				CLANG_WARN_OBJC_ROOT_CLASS = YES_ERROR;
				CLANG_WARN_RANGE_LOOP_ANALYSIS = YES;
				CLANG_WARN_STRICT_PROTOTYPES = YES;
				CLANG_WARN_SUSPICIOUS_MOVE = YES;
				CLANG_WARN_UNGUARDED_AVAILABILITY = YES_AGGRESSIVE;
				CLANG_WARN_UNREACHABLE_CODE = YES;
				CLANG_WARN__DUPLICATE_METHOD_MATCH = YES;
				CODE_SIGN_IDENTITY = "iPhone Developer";
				COPY_PHASE_STRIP = NO;
				DEBUG_INFORMATION_FORMAT = "dwarf-with-dsym";
				ENABLE_NS_ASSERTIONS = NO;
				ENABLE_STRICT_OBJC_MSGSEND = YES;
				GCC_C_LANGUAGE_STANDARD = gnu11;
				GCC_NO_COMMON_BLOCKS = YES;
				GCC_WARN_64_TO_32_BIT_CONVERSION = YES;
				GCC_WARN_ABOUT_RETURN_TYPE = YES_ERROR;
				GCC_WARN_UNDECLARED_SELECTOR = YES;
				GCC_WARN_UNINITIALIZED_AUTOS = YES_AGGRESSIVE;
				GCC_WARN_UNUSED_FUNCTION = YES;
				GCC_WARN_UNUSED_VARIABLE = YES;
				IPHONEOS_DEPLOYMENT_TARGET = 12.1;
				MTL_ENABLE_DEBUG_INFO = NO;
				MTL_FAST_MATH = YES;
				SDKROOT = iphoneos;
				SWIFT_COMPILATION_MODE = wholemodule;
				SWIFT_OPTIMIZATION_LEVEL = "-O";
				VALIDATE_PRODUCT = YES;
			};
			name = Release;
		};
		82489283220DEB8E00815C02 /* Debug */ = {
			isa = XCBuildConfiguration;
			baseConfigurationReference = F48B5144AAFDB26FF17B4D01 /* Pods-raccord_project.debug.xcconfig */;
			buildSettings = {
				ASSETCATALOG_COMPILER_APPICON_NAME = AppIcon;
				CODE_SIGN_STYLE = Automatic;
				DEVELOPMENT_TEAM = 2LRYS9F4R2;
				INFOPLIST_FILE = raccord_project/Info.plist;
				LD_RUNPATH_SEARCH_PATHS = (
					"$(inherited)",
					"@executable_path/Frameworks",
				);
				PRODUCT_BUNDLE_IDENTIFIER = "com.ludogarden.raccord-project";
				PRODUCT_NAME = "$(TARGET_NAME)";
				SWIFT_VERSION = 4.2;
				TARGETED_DEVICE_FAMILY = "1,2";
			};
			name = Debug;
		};
		82489284220DEB8E00815C02 /* Release */ = {
			isa = XCBuildConfiguration;
			baseConfigurationReference = 7D4BFCE631B6F8E4BA580711 /* Pods-raccord_project.release.xcconfig */;
			buildSettings = {
				ASSETCATALOG_COMPILER_APPICON_NAME = AppIcon;
				CODE_SIGN_STYLE = Automatic;
				DEVELOPMENT_TEAM = 2LRYS9F4R2;
				INFOPLIST_FILE = raccord_project/Info.plist;
				LD_RUNPATH_SEARCH_PATHS = (
					"$(inherited)",
					"@executable_path/Frameworks",
				);
				PRODUCT_BUNDLE_IDENTIFIER = "com.ludogarden.raccord-project";
				PRODUCT_NAME = "$(TARGET_NAME)";
				SWIFT_VERSION = 4.2;
				TARGETED_DEVICE_FAMILY = "1,2";
			};
			name = Release;
		};
/* End XCBuildConfiguration section */

/* Begin XCConfigurationList section */
		8248926B220DEB8E00815C02 /* Build configuration list for PBXProject "raccord_project" */ = {
			isa = XCConfigurationList;
			buildConfigurations = (
				82489280220DEB8E00815C02 /* Debug */,
				82489281220DEB8E00815C02 /* Release */,
			);
			defaultConfigurationIsVisible = 0;
			defaultConfigurationName = Release;
		};
		82489282220DEB8E00815C02 /* Build configuration list for PBXNativeTarget "raccord_project" */ = {
			isa = XCConfigurationList;
			buildConfigurations = (
				82489283220DEB8E00815C02 /* Debug */,
				82489284220DEB8E00815C02 /* Release */,
			);
			defaultConfigurationIsVisible = 0;
			defaultConfigurationName = Release;
		};
/* End XCConfigurationList section */
	};
	rootObject = 82489268220DEB8E00815C02 /* Project object */;
}
